
Microsoft Visual Studio Solution File, Format Version 12.00
Project("{FAE04EC0-301F-11D3-BF4B-00C04F79EFBC}") = "BudgetTracker", "BudgetTracker\BudgetTracker.csproj", "{11C6F544-BBEA-4D8E-B070-3BB098C4BC72}"
EndProject
Global
	GlobalSection(SolutionConfigurationPlatforms) = preSolution
		Debug|Any CPU = Debug|Any CPU
		Release|Any CPU = Release|Any CPU
	EndGlobalSection
	GlobalSection(ProjectConfigurationPlatforms) = postSolution
		{11C6F544-BBEA-4D8E-B070-3BB098C4BC72}.Debug|Any CPU.ActiveCfg = Debug|Any CPU
		{11C6F544-BBEA-4D8E-B070-3BB098C4BC72}.Debug|Any CPU.Build.0 = Debug|Any CPU
		{11C6F544-BBEA-4D8E-B070-3BB098C4BC72}.Release|Any CPU.ActiveCfg = Release|Any CPU
		{11C6F544-BBEA-4D8E-B070-3BB098C4BC72}.Release|Any CPU.Build.0 = Release|Any CPU
	EndGlobalSection
EndGlobal
